// !$*UTF8*$!
{
	archiveVersion = 1;
	classes = {
	};
	objectVersion = 48;
	objects = {

/* Begin PBXBuildFile section */
		E7E443412056CF6F0076120C /* AppDelegate.swift in Sources */ = {isa = PBXBuildFile; fileRef = E7E443402056CF6F0076120C /* AppDelegate.swift */; };
		E7E443432056CF6F0076120C /* ViewController.swift in Sources */ = {isa = PBXBuildFile; fileRef = E7E443422056CF6F0076120C /* ViewController.swift */; };
		E7E443462056CF6F0076120C /* Main.storyboard in Resources */ = {isa = PBXBuildFile; fileRef = E7E443442056CF6F0076120C /* Main.storyboard */; };
		E7E443482056CF6F0076120C /* Assets.xcassets in Resources */ = {isa = PBXBuildFile; fileRef = E7E443472056CF6F0076120C /* Assets.xcassets */; };
		E7E4434B2056CF6F0076120C /* LaunchScreen.storyboard in Resources */ = {isa = PBXBuildFile; fileRef = E7E443492056CF6F0076120C /* LaunchScreen.storyboard */; };
		E7E443532056ED980076120C /* DesignableButton.swift in Sources */ = {isa = PBXBuildFile; fileRef = E7E443522056ED980076120C /* DesignableButton.swift */; };
/* End PBXBuildFile section */

/* Begin PBXFileReference section */
		E7E4433D2056CF6F0076120C /* Lesson_7_Introduction.app */ = {isa = PBXFileReference; explicitFileType = wrapper.application; includeInIndex = 0; path = Lesson_7_Introduction.app; sourceTree = BUILT_PRODUCTS_DIR; };
		E7E443402056CF6F0076120C /* AppDelegate.swift */ = {isa = PBXFileReference; lastKnownFileType = sourcecode.swift; path = AppDelegate.swift; sourceTree = "<group>"; };
		E7E443422056CF6F0076120C /* ViewController.swift */ = {isa = PBXFileReference; lastKnownFileType = sourcecode.swift; path = ViewController.swift; sourceTree = "<group>"; };
		E7E443452056CF6F0076120C /* Base */ = {isa = PBXFileReference; lastKnownFileType = file.storyboard; name = Base; path = Base.lproj/Main.storyboard; sourceTree = "<group>"; };
		E7E443472056CF6F0076120C /* Assets.xcassets */ = {isa = PBXFileReference; lastKnownFileType = folder.assetcatalog; path = Assets.xcassets; sourceTree = "<group>"; };
		E7E4434A2056CF6F0076120C /* Base */ = {isa = PBXFileReference; lastKnownFileType = file.storyboard; name = Base; path = Base.lproj/LaunchScreen.storyboard; sourceTree = "<group>"; };
		E7E4434C2056CF6F0076120C /* Info.plist */ = {isa = PBXFileReference; lastKnownFileType = text.plist.xml; path = Info.plist; sourceTree = "<group>"; };
		E7E443522056ED980076120C /* DesignableButton.swift */ = {isa = PBXFileReference; lastKnownFileType = sourcecode.swift; path = DesignableButton.swift; sourceTree = "<group>"; };
/* End PBXFileReference section */

/* Begin PBXFrameworksBuildPhase section */
		E7E4433A2056CF6F0076120C /* Frameworks */ = {
			isa = PBXFrameworksBuildPhase;
			buildActionMask = 2147483647;
			files = (
			);
			runOnlyForDeploymentPostprocessing = 0;
		};
/* End PBXFrameworksBuildPhase section */

/* Begin PBXGroup section */
		E7E443342056CF6F0076120C = {
			isa = PBXGroup;
			children = (
				E7E4433F2056CF6F0076120C /* Lesson_7_Introduction */,
				E7E4433E2056CF6F0076120C /* Products */,
			);
			sourceTree = "<group>";
		};
		E7E4433E2056CF6F0076120C /* Products */ = {
			isa = PBXGroup;
			children = (
				E7E4433D2056CF6F0076120C /* Lesson_7_Introduction.app */,
			);
			name = Products;
			sourceTree = "<group>";
		};
		E7E4433F2056CF6F0076120C /* Lesson_7_Introduction */ = {
			isa = PBXGroup;
			children = (
				E7E443402056CF6F0076120C /* AppDelegate.swift */,
				E7E443422056CF6F0076120C /* ViewController.swift */,
				E7E443442056CF6F0076120C /* Main.storyboard */,
				E7E443472056CF6F0076120C /* Assets.xcassets */,
				E7E443492056CF6F0076120C /* LaunchScreen.storyboard */,
				E7E4434C2056CF6F0076120C /* Info.plist */,
				E7E443522056ED980076120C /* DesignableButton.swift */,
			);
			path = Lesson_7_Introduction;
			sourceTree = "<group>";
		};
/* End PBXGroup section */

/* Begin PBXNativeTarget section */
		E7E4433C2056CF6F0076120C /* Lesson_7_Introduction */ = {
			isa = PBXNativeTarget;
			buildConfigurationList = E7E4434F2056CF6F0076120C /* Build configuration list for PBXNativeTarget "Lesson_7_Introduction" */;
			buildPhases = (
				E7E443392056CF6F0076120C /* Sources */,
				E7E4433A2056CF6F0076120C /* Frameworks */,
				E7E4433B2056CF6F0076120C /* Resources */,
			);
			buildRules = (
			);
			dependencies = (
			);
			name = Lesson_7_Introduction;
			productName = Lesson_7_Introduction;
			productReference = E7E4433D2056CF6F0076120C /* Lesson_7_Introduction.app */;
			productType = "com.apple.product-type.application";
		};
/* End PBXNativeTarget section */

/* Begin PBXProject section */
		E7E443352056CF6F0076120C /* Project object */ = {
			isa = PBXProject;
			attributes = {
				LastSwiftUpdateCheck = 0920;
				LastUpgradeCheck = 0920;
				ORGANIZATIONNAME = "Ika Javakhishvili";
				TargetAttributes = {
					E7E4433C2056CF6F0076120C = {
						CreatedOnToolsVersion = 9.2;
						ProvisioningStyle = Automatic;
					};
				};
			};
			buildConfigurationList = E7E443382056CF6F0076120C /* Build configuration list for PBXProject "Lesson_7_Introduction" */;
			compatibilityVersion = "Xcode 8.0";
			developmentRegion = en;
			hasScannedForEncodings = 0;
			knownRegions = (
				en,
				Base,
			);
			mainGroup = E7E443342056CF6F0076120C;
			productRefGroup = E7E4433E2056CF6F0076120C /* Products */;
			projectDirPath = "";
			projectRoot = "";
			targets = (
				E7E4433C2056CF6F0076120C /* Lesson_7_Introduction */,
			);
		};
/* End PBXProject section */

/* Begin PBXResourcesBuildPhase section */
		E7E4433B2056CF6F0076120C /* Resources */ = {
			isa = PBXResourcesBuildPhase;
			buildActionMask = 2147483647;
			files = (
				E7E4434B2056CF6F0076120C /* LaunchScreen.storyboard in Resources */,
				E7E443482056CF6F0076120C /* Assets.xcassets in Resources */,
				E7E443462056CF6F0076120C /* Main.storyboard in Resources */,
			);
			runOnlyForDeploymentPostprocessing = 0;
		};
/* End PBXResourcesBuildPhase section */

/* Begin PBXSourcesBuildPhase section */
		E7E443392056CF6F0076120C /* Sources */ = {
			isa = PBXSourcesBuildPhase;
			buildActionMask = 2147483647;
			files = (
				E7E443432056CF6F0076120C /* ViewController.swift in Sources */,
				E7E443412056CF6F0076120C /* AppDelegate.swift in Sources */,
				E7E443532056ED980076120C /* DesignableButton.swift in Sources */,
			);
			runOnlyForDeploymentPostprocessing = 0;
		};
/* End PBXSourcesBuildPhase section */

/* Begin PBXVariantGroup section */
		E7E443442056CF6F0076120C /* Main.storyboard */ = {
			isa = PBXVariantGroup;
			children = (
				E7E443452056CF6F0076120C /* Base */,
			);
			name = Main.storyboard;
			sourceTree = "<group>";
		};
		E7E443492056CF6F0076120C /* LaunchScreen.storyboard */ = {
			isa = PBXVariantGroup;
			children = (
				E7E4434A2056CF6F0076120C /* Base */,
			);
			name = LaunchScreen.storyboard;
			sourceTree = "<group>";
		};
/* End PBXVariantGroup section */

/* Begin XCBuildConfiguration section */
		E7E4434D2056CF6F0076120C /* Debug */ = {
			isa = XCBuildConfiguration;
			buildSettings = {
				ALWAYS_SEARCH_USER_PATHS = NO;
				CLANG_ANALYZER_NONNULL = YES;
				CLANG_ANALYZER_NUMBER_OBJECT_CONVERSION = YES_AGGRESSIVE;
				CLANG_CXX_LANGUAGE_STANDARD = "gnu++14";
				CLANG_CXX_LIBRARY = "libc++";
				CLANG_ENABLE_MODULES = YES;
				CLANG_ENABLE_OBJC_ARC = YES;
				CLANG_WARN_BLOCK_CAPTURE_AUTORELEASING = YES;
				CLANG_WARN_BOOL_CONVERSION = YES;
				CLANG_WARN_COMMA = YES;
				CLANG_WARN_CONSTANT_CONVERSION = YES;
				CLANG_WARN_DIRECT_OBJC_ISA_USAGE = YES_ERROR;
				CLANG_WARN_DOCUMENTATION_COMMENTS = YES;
				CLANG_WARN_EMPTY_BODY = YES;
				CLANG_WARN_ENUM_CONVERSION = YES;
				CLANG_WARN_INFINITE_RECURSION = YES;
				CLANG_WARN_INT_CONVERSION = YES;
				CLANG_WARN_NON_LITERAL_NULL_CONVERSION = YES;
				CLANG_WARN_OBJC_LITERAL_CONVERSION = YES;
				CLANG_WARN_OBJC_ROOT_CLASS = YES_ERROR;
				CLANG_WARN_RANGE_LOOP_ANALYSIS = YES;
				CLANG_WARN_STRICT_PROTOTYPES = YES;
				CLANG_WARN_SUSPICIOUS_MOVE = YES;
				CLANG_WARN_UNGUARDED_AVAILABILITY = YES_AGGRESSIVE;
				CLANG_WARN_UNREACHABLE_CODE = YES;
				CLANG_WARN__DUPLICATE_METHOD_MATCH = YES;
				CODE_SIGN_IDENTITY = "iPhone Developer";
				COPY_PHASE_STRIP = NO;
				DEBUG_INFORMATION_FORMAT = dwarf;
				ENABLE_STRICT_OBJC_MSGSEND = YES;
				ENABLE_TESTABILITY = YES;
				GCC_C_LANGUAGE_STANDARD = gnu11;
				GCC_DYNAMIC_NO_PIC = NO;
				GCC_NO_COMMON_BLOCKS = YES;
				GCC_OPTIMIZATION_LEVEL = 0;
				GCC_PREPROCESSOR_DEFINITIONS = (
					"DEBUG=1",
					"$(inherited)",
				);
				GCC_WARN_64_TO_32_BIT_CONVERSION = YES;
				GCC_WARN_ABOUT_RETURN_TYPE = YES_ERROR;
				GCC_WARN_UNDECLARED_SELECTOR = YES;
				GCC_WARN_UNINITIALIZED_AUTOS = YES_AGGRESSIVE;
				GCC_WARN_UNUSED_FUNCTION = YES;
				GCC_WARN_UNUSED_VARIABLE = YES;
				IPHONEOS_DEPLOYMENT_TARGET = 11.2;
				MTL_ENABLE_DEBUG_INFO = YES;
				ONLY_ACTIVE_ARCH = YES;
				SDKROOT = iphoneos;
				SWIFT_ACTIVE_COMPILATION_CONDITIONS = DEBUG;
				SWIFT_OPTIMIZATION_LEVEL = "-Onone";
			};
			name = Debug;
		};
		E7E4434E2056CF6F0076120C /* Release */ = {
			isa = XCBuildConfiguration;
			buildSettings = {
				ALWAYS_SEARCH_USER_PATHS = NO;
				CLANG_ANALYZER_NONNULL = YES;
				CLANG_ANALYZER_NUMBER_OBJECT_CONVERSION = YES_AGGRESSIVE;
				CLANG_CXX_LANGUAGE_STANDARD = "gnu++14";
				CLANG_CXX_LIBRARY = "libc++";
				CLANG_ENABLE_MODULES = YES;
				CLANG_ENABLE_OBJC_ARC = YES;
				CLANG_WARN_BLOCK_CAPTURE_AUTORELEASING = YES;
				CLANG_WARN_BOOL_CONVERSION = YES;
				CLANG_WARN_COMMA = YES;
				CLANG_WARN_CONSTANT_CONVERSION = YES;
				CLANG_WARN_DIRECT_OBJC_ISA_USAGE = YES_ERROR;
				CLANG_WARN_DOCUMENTATION_COMMENTS = YES;
				CLANG_WARN_EMPTY_BODY = YES;
				CLANG_WARN_ENUM_CONVERSION = YES;
				CLANG_WARN_INFINITE_RECURSION = YES;
				CLANG_WARN_INT_CONVERSION = YES;
				CLANG_WARN_NON_LITERAL_NULL_CONVERSION = YES;
				CLANG_WARN_OBJC_LITERAL_CONVERSION = YES;
				CLANG_WARN_OBJC_ROOT_CLASS = YES_ERROR;
				CLANG_WARN_RANGE_LOOP_ANALYSIS = YES;
				CLANG_WARN_STRICT_PROTOTYPES = YES;
				CLANG_WARN_SUSPICIOUS_MOVE = YES;
				CLANG_WARN_UNGUARDED_AVAILABILITY = YES_AGGRESSIVE;
				CLANG_WARN_UNREACHABLE_CODE = YES;
				CLANG_WARN__DUPLICATE_METHOD_MATCH = YES;
				CODE_SIGN_IDENTITY = "iPhone Developer";
				COPY_PHASE_STRIP = NO;
				DEBUG_INFORMATION_FORMAT = "dwarf-with-dsym";
				ENABLE_NS_ASSERTIONS = NO;
				ENABLE_STRICT_OBJC_MSGSEND = YES;
				GCC_C_LANGUAGE_STANDARD = gnu11;
				GCC_NO_COMMON_BLOCKS = YES;
				GCC_WARN_64_TO_32_BIT_CONVERSION = YES;
				GCC_WARN_ABOUT_RETURN_TYPE = YES_ERROR;
				GCC_WARN_UNDECLARED_SELECTOR = YES;
				GCC_WARN_UNINITIALIZED_AUTOS = YES_AGGRESSIVE;
				GCC_WARN_UNUSED_FUNCTION = YES;
				GCC_WARN_UNUSED_VARIABLE = YES;
				IPHONEOS_DEPLOYMENT_TARGET = 11.2;
				MTL_ENABLE_DEBUG_INFO = NO;
				SDKROOT = iphoneos;
				SWIFT_OPTIMIZATION_LEVEL = "-Owholemodule";
				VALIDATE_PRODUCT = YES;
			};
			name = Release;
		};
		E7E443502056CF6F0076120C /* Debug */ = {
			isa = XCBuildConfiguration;
			buildSettings = {
				ASSETCATALOG_COMPILER_APPICON_NAME = AppIcon;
				CODE_SIGN_STYLE = Automatic;
				DEVELOPMENT_TEAM = GXN87X5984;
				INFOPLIST_FILE = Lesson_7_Introduction/Info.plist;
				LD_RUNPATH_SEARCH_PATHS = "$(inherited) @executable_path/Frameworks";
				PRODUCT_BUNDLE_IDENTIFIER = "ikajava.Lesson-7-Introduction";
				PRODUCT_NAME = "$(TARGET_NAME)";
				SWIFT_VERSION = 4.0;
				TARGETED_DEVICE_FAMILY = "1,2";
			};
			name = Debug;
		};
		E7E443512056CF6F0076120C /* Release */ = {
			isa = XCBuildConfiguration;
			buildSettings = {
				ASSETCATALOG_COMPILER_APPICON_NAME = AppIcon;
				CODE_SIGN_STYLE = Automatic;
				DEVELOPMENT_TEAM = GXN87X5984;
				INFOPLIST_FILE = Lesson_7_Introduction/Info.plist;
				LD_RUNPATH_SEARCH_PATHS = "$(inherited) @executable_path/Frameworks";
				PRODUCT_BUNDLE_IDENTIFIER = "ikajava.Lesson-7-Introduction";
				PRODUCT_NAME = "$(TARGET_NAME)";
				SWIFT_VERSION = 4.0;
				TARGETED_DEVICE_FAMILY = "1,2";
			};
			name = Release;
		};
/* End XCBuildConfiguration section */

/* Begin XCConfigurationList section */
		E7E443382056CF6F0076120C /* Build configuration list for PBXProject "Lesson_7_Introduction" */ = {
			isa = XCConfigurationList;
			buildConfigurations = (
				E7E4434D2056CF6F0076120C /* Debug */,
				E7E4434E2056CF6F0076120C /* Release */,
			);
			defaultConfigurationIsVisible = 0;
			defaultConfigurationName = Release;
		};
		E7E4434F2056CF6F0076120C /* Build configuration list for PBXNativeTarget "Lesson_7_Introduction" */ = {
			isa = XCConfigurationList;
			buildConfigurations = (
				E7E443502056CF6F0076120C /* Debug */,
				E7E443512056CF6F0076120C /* Release */,
			);
			defaultConfigurationIsVisible = 0;
			defaultConfigurationName = Release;
		};
/* End XCConfigurationList section */
	};
	rootObject = E7E443352056CF6F0076120C /* Project object */;
}
